
Microsoft Visual Studio Solution File, Format Version 12.00
# Visual Studio Version 16
VisualStudioVersion = 16.0.29911.84
MinimumVisualStudioVersion = 10.0.40219.1
Project("{9A19103F-16F7-4668-BE54-9A1E7A4F7556}") = "ComonOnlineLearning", "ComonOnlineLearning\ComonOnlineLearning.csproj", "{EAD2C37F-61CF-4BA7-A8B9-FBC36E00E191}"
EndProject
Project("{FAE04EC0-301F-11D3-BF4B-00C04F79EFBC}") = "ComosDataLayer", "ComosDataLayer\ComosDataLayer.csproj", "{64831647-0CFB-4655-AC98-B845DD3ED4EE}"
EndProject
Project("{2150E333-8FDC-42A3-9474-1A3956D46DE8}") = "Solution Items", "Solution Items", "{B43C6716-D87A-4DCC-A2EA-5EEC982C20FC}"
	ProjectSection(SolutionItems) = preProject
		.editorconfig = .editorconfig
	EndProjectSection
EndProject
Global
	GlobalSection(SolutionConfigurationPlatforms) = preSolution
		Debug|Any CPU = Debug|Any CPU
		Release|Any CPU = Release|Any CPU
	EndGlobalSection
	GlobalSection(ProjectConfigurationPlatforms) = postSolution
		{EAD2C37F-61CF-4BA7-A8B9-FBC36E00E191}.Debug|Any CPU.ActiveCfg = Debug|Any CPU
		{EAD2C37F-61CF-4BA7-A8B9-FBC36E00E191}.Debug|Any CPU.Build.0 = Debug|Any CPU
		{EAD2C37F-61CF-4BA7-A8B9-FBC36E00E191}.Release|Any CPU.ActiveCfg = Release|Any CPU
		{EAD2C37F-61CF-4BA7-A8B9-FBC36E00E191}.Release|Any CPU.Build.0 = Release|Any CPU
		{64831647-0CFB-4655-AC98-B845DD3ED4EE}.Debug|Any CPU.ActiveCfg = Debug|Any CPU
		{64831647-0CFB-4655-AC98-B845DD3ED4EE}.Debug|Any CPU.Build.0 = Debug|Any CPU
		{64831647-0CFB-4655-AC98-B845DD3ED4EE}.Release|Any CPU.ActiveCfg = Release|Any CPU
		{64831647-0CFB-4655-AC98-B845DD3ED4EE}.Release|Any CPU.Build.0 = Release|Any CPU
	EndGlobalSection
	GlobalSection(SolutionProperties) = preSolution
		HideSolutionNode = FALSE
	EndGlobalSection
	GlobalSection(ExtensibilityGlobals) = postSolution
		SolutionGuid = {B654B3D5-9F59-4E4A-B11F-F321828B59AC}
	EndGlobalSection
EndGlobal
